Microsoft Visual Studio Solution File, Format Version 8.00
Project("{FAE04EC0-301F-11D3-BF4B-00C04F79EFBC}") = "Mercury.Tests", "Mercury.Tests\Mercury.Tests.csproj", "{6F9B4658-1A7B-4A15-B0E5-C449B04B5BB7}"
	ProjectSection(ProjectDependencies) = postProject
	EndProjectSection
EndProject
Project("{FAE04EC0-301F-11D3-BF4B-00C04F79EFBC}") = "SQLite.NET", "SQLite.NET\CSharpSources\SQLite.NET\SQLite.NET.csproj", "{07BEA172-E9A8-4229-9D40-41BAE1246314}"
	ProjectSection(ProjectDependencies) = postProject
		{56798275-2026-4E21-902C-23B8C6B955DA} = {56798275-2026-4E21-902C-23B8C6B955DA}
	EndProjectSection
EndProject
Project("{8BC9CEB8-8B4A-11D0-8D11-00A0C91BC942}") = "sqlite3", "sqlite3\sqlite3.vcproj", "{56798275-2026-4E21-902C-23B8C6B955DA}"
	ProjectSection(ProjectDependencies) = postProject
	EndProjectSection
EndProject
Project("{FAE04EC0-301F-11D3-BF4B-00C04F79EFBC}") = "Mercury.Util", "Mercury.Util\Mercury.Util.csproj", "{521723AF-CB8E-4892-B98D-797799FF68FC}"
	ProjectSection(ProjectDependencies) = postProject
	EndProjectSection
EndProject
Project("{FAE04EC0-301F-11D3-BF4B-00C04F79EFBC}") = "Mercury.Core.CatalogStore.Sqlite", "Mercury.Core.CatalogStore.Sqlite\Mercury.Core.CatalogStore.Sqlite.csproj", "{0583CB14-3CEF-4D05-AEB1-1B18A480F9D4}"
	ProjectSection(ProjectDependencies) = postProject
		{07BEA172-E9A8-4229-9D40-41BAE1246314} = {07BEA172-E9A8-4229-9D40-41BAE1246314}
		{521723AF-CB8E-4892-B98D-797799FF68FC} = {521723AF-CB8E-4892-B98D-797799FF68FC}
	EndProjectSection
EndProject
Global
	GlobalSection(SolutionConfiguration) = preSolution
		Debug = Debug
		Release = Release
	EndGlobalSection
	GlobalSection(ProjectConfiguration) = postSolution
		{6F9B4658-1A7B-4A15-B0E5-C449B04B5BB7}.Debug.ActiveCfg = Debug|.NET
		{6F9B4658-1A7B-4A15-B0E5-C449B04B5BB7}.Debug.Build.0 = Debug|.NET
		{6F9B4658-1A7B-4A15-B0E5-C449B04B5BB7}.Release.ActiveCfg = Release|.NET
		{6F9B4658-1A7B-4A15-B0E5-C449B04B5BB7}.Release.Build.0 = Release|.NET
		{07BEA172-E9A8-4229-9D40-41BAE1246314}.Debug.ActiveCfg = Debug|.NET
		{07BEA172-E9A8-4229-9D40-41BAE1246314}.Debug.Build.0 = Debug|.NET
		{07BEA172-E9A8-4229-9D40-41BAE1246314}.Release.ActiveCfg = Release|.NET
		{07BEA172-E9A8-4229-9D40-41BAE1246314}.Release.Build.0 = Release|.NET
		{56798275-2026-4E21-902C-23B8C6B955DA}.Debug.ActiveCfg = Debug|Win32
		{56798275-2026-4E21-902C-23B8C6B955DA}.Debug.Build.0 = Debug|Win32
		{56798275-2026-4E21-902C-23B8C6B955DA}.Release.ActiveCfg = Release|Win32
		{56798275-2026-4E21-902C-23B8C6B955DA}.Release.Build.0 = Release|Win32
		{521723AF-CB8E-4892-B98D-797799FF68FC}.Debug.ActiveCfg = Debug|.NET
		{521723AF-CB8E-4892-B98D-797799FF68FC}.Debug.Build.0 = Debug|.NET
		{521723AF-CB8E-4892-B98D-797799FF68FC}.Release.ActiveCfg = Release|.NET
		{521723AF-CB8E-4892-B98D-797799FF68FC}.Release.Build.0 = Release|.NET
		{0583CB14-3CEF-4D05-AEB1-1B18A480F9D4}.Debug.ActiveCfg = Debug|.NET
		{0583CB14-3CEF-4D05-AEB1-1B18A480F9D4}.Debug.Build.0 = Debug|.NET
		{0583CB14-3CEF-4D05-AEB1-1B18A480F9D4}.Release.ActiveCfg = Release|.NET
		{0583CB14-3CEF-4D05-AEB1-1B18A480F9D4}.Release.Build.0 = Release|.NET
	EndGlobalSection
	GlobalSection(ExtensibilityGlobals) = postSolution
	EndGlobalSection
	GlobalSection(ExtensibilityAddIns) = postSolution
	EndGlobalSection
EndGlobal
